
Microsoft Visual Studio Solution File, Format Version 12.00
Project("{FAE04EC0-301F-11D3-BF4B-00C04F79EFBC}") = "SharpValueInjector", "SharpValueInjector\SharpValueInjector.csproj", "{67EDC26A-E5DD-4854-92A8-A2263B72A9A8}"
EndProject
Project("{FAE04EC0-301F-11D3-BF4B-00C04F79EFBC}") = "SharpValueInjector.Tests", "SharpValueInjector.Tests\SharpValueInjector.Tests.csproj", "{DD022C4F-A952-4B1D-8A21-7ADF6FB62768}"
EndProject
Global
	GlobalSection(SolutionConfigurationPlatforms) = preSolution
		Debug|Any CPU = Debug|Any CPU
		Release|Any CPU = Release|Any CPU
	EndGlobalSection
	GlobalSection(ProjectConfigurationPlatforms) = postSolution
		{67EDC26A-E5DD-4854-92A8-A2263B72A9A8}.Debug|Any CPU.ActiveCfg = Debug|Any CPU
		{67EDC26A-E5DD-4854-92A8-A2263B72A9A8}.Debug|Any CPU.Build.0 = Debug|Any CPU
		{67EDC26A-E5DD-4854-92A8-A2263B72A9A8}.Release|Any CPU.ActiveCfg = Release|Any CPU
		{67EDC26A-E5DD-4854-92A8-A2263B72A9A8}.Release|Any CPU.Build.0 = Release|Any CPU
		{DD022C4F-A952-4B1D-8A21-7ADF6FB62768}.Debug|Any CPU.ActiveCfg = Debug|Any CPU
		{DD022C4F-A952-4B1D-8A21-7ADF6FB62768}.Debug|Any CPU.Build.0 = Debug|Any CPU
		{DD022C4F-A952-4B1D-8A21-7ADF6FB62768}.Release|Any CPU.ActiveCfg = Release|Any CPU
		{DD022C4F-A952-4B1D-8A21-7ADF6FB62768}.Release|Any CPU.Build.0 = Release|Any CPU
	EndGlobalSection
EndGlobal
