{
  "version": 1,
  "dependencies": {
    "net9.0": {
      "Microsoft.DotNet.ILCompiler": {
        "type": "Direct",
        "requested": "[9.0.0-rc.1.24431.7, )",
        "resolved": "9.0.0-rc.1.24431.7",
        "contentHash": "FN38PfBwjKY4D753sz6GDSnvtHU9UUPb9fNAcPwImOn2j8SyUFZMnVmMVwnYX4dlDB9XL98m4g6szsjIx5UWgg=="
      },
      "Microsoft.NET.ILLink.Tasks": {
        "type": "Direct",
        "requested": "[9.0.0-rc.1.24431.7, )",
        "resolved": "9.0.0-rc.1.24431.7",
        "contentHash": "B8jHIIszeUdDY+O4G1/xPOuhrriwsv9Z8/u3XSOAqc8Z0mQCeLBKg2oLGElDZeRF8wWXDGklAKY3f0IHopyXkQ=="
      },
      "TUnit": {
        "type": "Direct",
        "requested": "[0.1.897, )",
        "resolved": "0.1.897",
        "contentHash": "pqnYbXm+Yk+KFVJHk1XGrN/NXdZot6oD692xtYOanM/y2icdv1Gs5+Vqz7NCzkHIlAS4Oqho9KCdh6cWSggNNA==",
        "dependencies": {
          "TUnit.Assertions": "0.1.897",
          "TUnit.Engine": "0.1.897"
        }
      },
      "EnumerableAsyncProcessor": {
        "type": "Transitive",
        "resolved": "1.3.2",
        "contentHash": "y49VsWjJcPUtTdFbq4l3L9VA0GUjGicL4dCFvXLhonnIGeU+eWGUOVFrRW2IDsdo+0HgTGgh5PYu3Ne0bpxBUg=="
      },
      "Microsoft.Testing.Extensions.TrxReport.Abstractions": {
        "type": "Transitive",
        "resolved": "1.4.0",
        "contentHash": "7ulY2yQ+0BH1sjSRvgXNBmhWDTtPDHOirULnnOnuKpf0m9sIETttURmfF2xZaGYsajZ/hECkL1AKFegGB+Kb9g==",
        "dependencies": {
          "Microsoft.Testing.Platform": "1.4.0"
        }
      },
      "Microsoft.Testing.Platform": {
        "type": "Transitive",
        "resolved": "1.4.0",
        "contentHash": "6JtCqi0nq43wFDUrDfx3NrmFJYqWpmbEjEv4bVtgP6BTry1aw0Zd3FDQmZbWqnWGbvPgwm39YUXedf1+yzTkmg=="
      },
      "Microsoft.Testing.Platform.MSBuild": {
        "type": "Transitive",
        "resolved": "1.4.0",
        "contentHash": "EBarJH6u97ng2DIpNNimUnbMGAMh2mC3uxaXqdnhLNtdLjNq9QNtEfrf+nOr84mTNA4KwDXZZAK1H5ZupoAaWw==",
        "dependencies": {
          "Microsoft.Testing.Platform": "1.4.0"
        }
      },
      "TUnit.Assertions": {
        "type": "Transitive",
        "resolved": "0.1.897",
        "contentHash": "rRs0ipm/Oh2ThmmqcT0v7JdsgqT2cOLXBmhmkYyT9frS2xFQIJTrd8fuq7/MSvI5AjvPtPI5vzAx0IR6tao0WA=="
      },
      "TUnit.Core": {
        "type": "Transitive",
        "resolved": "0.1.897",
        "contentHash": "8wNzChl0o4eo/SbM4CwkdpWfqxQ14XJmWGvXMzWqVq353RAIQSyH1J7T5M06xqpanIWz4eIh4eK3vVbS08Q/1A=="
      },
      "TUnit.Engine": {
        "type": "Transitive",
        "resolved": "0.1.897",
        "contentHash": "g5T2LqLeNnaTO2vBr6nQwi3m1rtvKZg/vlEJx0cgX7+3eYToIKLDKIzjIfvckLewsLQO49a3j/AmG9dga7GlQg==",
        "dependencies": {
          "EnumerableAsyncProcessor": "1.3.2",
          "Microsoft.Testing.Extensions.TrxReport.Abstractions": "1.4.0",
          "Microsoft.Testing.Platform": "1.4.0",
          "Microsoft.Testing.Platform.MSBuild": "1.4.0",
          "TUnit.Core": "0.1.897"
        }
      },
      "shared": {
        "type": "Project"
      }
    },
    "net9.0/linux-arm64": {
      "Microsoft.DotNet.ILCompiler": {
        "type": "Direct",
        "requested": "[9.0.0-rc.1.24431.7, )",
        "resolved": "9.0.0-rc.1.24431.7",
        "contentHash": "FN38PfBwjKY4D753sz6GDSnvtHU9UUPb9fNAcPwImOn2j8SyUFZMnVmMVwnYX4dlDB9XL98m4g6szsjIx5UWgg==",
        "dependencies": {
          "runtime.linux-arm64.Microsoft.DotNet.ILCompiler": "9.0.0-rc.1.24431.7"
        }
      },
      "runtime.linux-arm64.Microsoft.DotNet.ILCompiler": {
        "type": "Transitive",
        "resolved": "9.0.0-rc.1.24431.7",
        "contentHash": "HabaWQjQQn2HXT5KN+VlNyXvuVHCz2qtx1aCPRZR+Hv7+/NPC8EwVWOhFw9rT2++8W194lohH4EHlY50ex2A/w=="
      }
    },
    "net9.0/linux-x64": {
      "Microsoft.DotNet.ILCompiler": {
        "type": "Direct",
        "requested": "[9.0.0-rc.1.24431.7, )",
        "resolved": "9.0.0-rc.1.24431.7",
        "contentHash": "FN38PfBwjKY4D753sz6GDSnvtHU9UUPb9fNAcPwImOn2j8SyUFZMnVmMVwnYX4dlDB9XL98m4g6szsjIx5UWgg==",
        "dependencies": {
          "runtime.linux-x64.Microsoft.DotNet.ILCompiler": "9.0.0-rc.1.24431.7"
        }
      },
      "runtime.linux-x64.Microsoft.DotNet.ILCompiler": {
        "type": "Transitive",
        "resolved": "9.0.0-rc.1.24431.7",
        "contentHash": "sILLuV9A1AmDWhZfLNgdy9es3mhWB+VAonSqFB+AWG44ShUA0UB9uM4Wz9PEwgXUqmPH2qH/MUGtOhVo4v7vyg=="
      }
    },
    "net9.0/osx-arm64": {
      "Microsoft.DotNet.ILCompiler": {
        "type": "Direct",
        "requested": "[9.0.0-rc.1.24431.7, )",
        "resolved": "9.0.0-rc.1.24431.7",
        "contentHash": "FN38PfBwjKY4D753sz6GDSnvtHU9UUPb9fNAcPwImOn2j8SyUFZMnVmMVwnYX4dlDB9XL98m4g6szsjIx5UWgg==",
        "dependencies": {
          "runtime.osx-arm64.Microsoft.DotNet.ILCompiler": "9.0.0-rc.1.24431.7"
        }
      },
      "runtime.osx-arm64.Microsoft.DotNet.ILCompiler": {
        "type": "Transitive",
        "resolved": "9.0.0-rc.1.24431.7",
        "contentHash": "qW3zPNyXVKFY+QyltS4QwF+EfLqAbOtP7wA8MGdKLNLRj1f66hR17RhtYD99O4OcBgwQwSkuPij2BMkwssYy3Q=="
      }
    },
    "net9.0/osx-x64": {
      "Microsoft.DotNet.ILCompiler": {
        "type": "Direct",
        "requested": "[9.0.0-rc.1.24431.7, )",
        "resolved": "9.0.0-rc.1.24431.7",
        "contentHash": "FN38PfBwjKY4D753sz6GDSnvtHU9UUPb9fNAcPwImOn2j8SyUFZMnVmMVwnYX4dlDB9XL98m4g6szsjIx5UWgg==",
        "dependencies": {
          "runtime.osx-x64.Microsoft.DotNet.ILCompiler": "9.0.0-rc.1.24431.7"
        }
      },
      "runtime.osx-x64.Microsoft.DotNet.ILCompiler": {
        "type": "Transitive",
        "resolved": "9.0.0-rc.1.24431.7",
        "contentHash": "ZIpiw6W1qeMZLIbXsyR/uJyTNd4IIB8JY9XrEoA2mHXOGGZH410xdrktZMjiF5+Io9VHV2kPuHvMYM/LGluJfQ=="
      }
    },
    "net9.0/win-x64": {
      "Microsoft.DotNet.ILCompiler": {
        "type": "Direct",
        "requested": "[9.0.0-rc.1.24431.7, )",
        "resolved": "9.0.0-rc.1.24431.7",
        "contentHash": "FN38PfBwjKY4D753sz6GDSnvtHU9UUPb9fNAcPwImOn2j8SyUFZMnVmMVwnYX4dlDB9XL98m4g6szsjIx5UWgg==",
        "dependencies": {
          "runtime.win-x64.Microsoft.DotNet.ILCompiler": "9.0.0-rc.1.24431.7"
        }
      },
      "runtime.win-x64.Microsoft.DotNet.ILCompiler": {
        "type": "Transitive",
        "resolved": "9.0.0-rc.1.24431.7",
        "contentHash": "hOXKEHhsK/sWwrMEL1Yrfj0Mw1WnsBsi8OoEEEmS4hgOxo39Kic0aap2nKm9eWRl8Fe5S+K10a2nVkt/T2AF7Q=="
      }
    }
  }
}